// !$*UTF8*$!
{
	archiveVersion = 1;
	classes = {
	};
	objectVersion = 55;
	objects = {

/* Begin PBXBuildFile section */
		98FAD100283652CC006DC4D9 /* AppDelegate.swift in Sources */ = {isa = PBXBuildFile; fileRef = 98FAD0FF283652CC006DC4D9 /* AppDelegate.swift */; };
		98FAD102283652CC006DC4D9 /* SceneDelegate.swift in Sources */ = {isa = PBXBuildFile; fileRef = 98FAD101283652CC006DC4D9 /* SceneDelegate.swift */; };
		98FAD104283652CC006DC4D9 /* MoviesListViewController.swift in Sources */ = {isa = PBXBuildFile; fileRef = 98FAD103283652CC006DC4D9 /* MoviesListViewController.swift */; };
		98FAD107283652CC006DC4D9 /* Main.storyboard in Resources */ = {isa = PBXBuildFile; fileRef = 98FAD105283652CC006DC4D9 /* Main.storyboard */; };
		98FAD109283652CD006DC4D9 /* Assets.xcassets in Resources */ = {isa = PBXBuildFile; fileRef = 98FAD108283652CD006DC4D9 /* Assets.xcassets */; };
		98FAD10C283652CD006DC4D9 /* LaunchScreen.storyboard in Resources */ = {isa = PBXBuildFile; fileRef = 98FAD10A283652CD006DC4D9 /* LaunchScreen.storyboard */; };
		98FAD117283652CD006DC4D9 /* MoviesAppTests.swift in Sources */ = {isa = PBXBuildFile; fileRef = 98FAD116283652CD006DC4D9 /* MoviesAppTests.swift */; };
		98FAD121283652CD006DC4D9 /* MoviesAppUITests.swift in Sources */ = {isa = PBXBuildFile; fileRef = 98FAD120283652CD006DC4D9 /* MoviesAppUITests.swift */; };
		98FAD123283652CD006DC4D9 /* MoviesAppUITestsLaunchTests.swift in Sources */ = {isa = PBXBuildFile; fileRef = 98FAD122283652CD006DC4D9 /* MoviesAppUITestsLaunchTests.swift */; };
		98FAD13428365370006DC4D9 /* UITableViewExtension.swift in Sources */ = {isa = PBXBuildFile; fileRef = 98FAD13328365370006DC4D9 /* UITableViewExtension.swift */; };
		98FAD138283653E0006DC4D9 /* MovieTVCell.swift in Sources */ = {isa = PBXBuildFile; fileRef = 98FAD137283653E0006DC4D9 /* MovieTVCell.swift */; };
		98FAD13A28365AB4006DC4D9 /* MoviesListViewModel.swift in Sources */ = {isa = PBXBuildFile; fileRef = 98FAD13928365AB4006DC4D9 /* MoviesListViewModel.swift */; };
		98FAD13E28365EA2006DC4D9 /* MoviesListModel.swift in Sources */ = {isa = PBXBuildFile; fileRef = 98FAD13C28365EA2006DC4D9 /* MoviesListModel.swift */; };
		98FAD13F28365EA2006DC4D9 /* Results.swift in Sources */ = {isa = PBXBuildFile; fileRef = 98FAD13D28365EA2006DC4D9 /* Results.swift */; };
		98FAD141283660A7006DC4D9 /* ApiServices.swift in Sources */ = {isa = PBXBuildFile; fileRef = 98FAD140283660A7006DC4D9 /* ApiServices.swift */; };
		98FAD14328366A0B006DC4D9 /* EndPoints.swift in Sources */ = {isa = PBXBuildFile; fileRef = 98FAD14228366A0B006DC4D9 /* EndPoints.swift */; };
/* End PBXBuildFile section */

/* Begin PBXContainerItemProxy section */
		98FAD113283652CD006DC4D9 /* PBXContainerItemProxy */ = {
			isa = PBXContainerItemProxy;
			containerPortal = 98FAD0F4283652CB006DC4D9 /* Project object */;
			proxyType = 1;
			remoteGlobalIDString = 98FAD0FB283652CC006DC4D9;
			remoteInfo = MoviesApp;
		};
		98FAD11D283652CD006DC4D9 /* PBXContainerItemProxy */ = {
			isa = PBXContainerItemProxy;
			containerPortal = 98FAD0F4283652CB006DC4D9 /* Project object */;
			proxyType = 1;
			remoteGlobalIDString = 98FAD0FB283652CC006DC4D9;
			remoteInfo = MoviesApp;
		};
/* End PBXContainerItemProxy section */

/* Begin PBXFileReference section */
		98FAD0FC283652CC006DC4D9 /* MoviesApp.app */ = {isa = PBXFileReference; explicitFileType = wrapper.application; includeInIndex = 0; path = MoviesApp.app; sourceTree = BUILT_PRODUCTS_DIR; };
		98FAD0FF283652CC006DC4D9 /* AppDelegate.swift */ = {isa = PBXFileReference; lastKnownFileType = sourcecode.swift; path = AppDelegate.swift; sourceTree = "<group>"; };
		98FAD101283652CC006DC4D9 /* SceneDelegate.swift */ = {isa = PBXFileReference; lastKnownFileType = sourcecode.swift; path = SceneDelegate.swift; sourceTree = "<group>"; };
		98FAD103283652CC006DC4D9 /* MoviesListViewController.swift */ = {isa = PBXFileReference; lastKnownFileType = sourcecode.swift; path = MoviesListViewController.swift; sourceTree = "<group>"; };
		98FAD106283652CC006DC4D9 /* Base */ = {isa = PBXFileReference; lastKnownFileType = file.storyboard; name = Base; path = Base.lproj/Main.storyboard; sourceTree = "<group>"; };
		98FAD108283652CD006DC4D9 /* Assets.xcassets */ = {isa = PBXFileReference; lastKnownFileType = folder.assetcatalog; path = Assets.xcassets; sourceTree = "<group>"; };
		98FAD10B283652CD006DC4D9 /* Base */ = {isa = PBXFileReference; lastKnownFileType = file.storyboard; name = Base; path = Base.lproj/LaunchScreen.storyboard; sourceTree = "<group>"; };
		98FAD10D283652CD006DC4D9 /* Info.plist */ = {isa = PBXFileReference; lastKnownFileType = text.plist.xml; path = Info.plist; sourceTree = "<group>"; };
		98FAD112283652CD006DC4D9 /* MoviesAppTests.xctest */ = {isa = PBXFileReference; explicitFileType = wrapper.cfbundle; includeInIndex = 0; path = MoviesAppTests.xctest; sourceTree = BUILT_PRODUCTS_DIR; };
		98FAD116283652CD006DC4D9 /* MoviesAppTests.swift */ = {isa = PBXFileReference; lastKnownFileType = sourcecode.swift; path = MoviesAppTests.swift; sourceTree = "<group>"; };
		98FAD11C283652CD006DC4D9 /* MoviesAppUITests.xctest */ = {isa = PBXFileReference; explicitFileType = wrapper.cfbundle; includeInIndex = 0; path = MoviesAppUITests.xctest; sourceTree = BUILT_PRODUCTS_DIR; };
		98FAD120283652CD006DC4D9 /* MoviesAppUITests.swift */ = {isa = PBXFileReference; lastKnownFileType = sourcecode.swift; path = MoviesAppUITests.swift; sourceTree = "<group>"; };
		98FAD122283652CD006DC4D9 /* MoviesAppUITestsLaunchTests.swift */ = {isa = PBXFileReference; lastKnownFileType = sourcecode.swift; path = MoviesAppUITestsLaunchTests.swift; sourceTree = "<group>"; };
		98FAD13328365370006DC4D9 /* UITableViewExtension.swift */ = {isa = PBXFileReference; fileEncoding = 4; lastKnownFileType = sourcecode.swift; path = UITableViewExtension.swift; sourceTree = "<group>"; };
		98FAD137283653E0006DC4D9 /* MovieTVCell.swift */ = {isa = PBXFileReference; fileEncoding = 4; lastKnownFileType = sourcecode.swift; path = MovieTVCell.swift; sourceTree = "<group>"; };
		98FAD13928365AB4006DC4D9 /* MoviesListViewModel.swift */ = {isa = PBXFileReference; lastKnownFileType = sourcecode.swift; path = MoviesListViewModel.swift; sourceTree = "<group>"; };
		98FAD13C28365EA2006DC4D9 /* MoviesListModel.swift */ = {isa = PBXFileReference; fileEncoding = 4; lastKnownFileType = sourcecode.swift; path = MoviesListModel.swift; sourceTree = "<group>"; };
		98FAD13D28365EA2006DC4D9 /* Results.swift */ = {isa = PBXFileReference; fileEncoding = 4; lastKnownFileType = sourcecode.swift; path = Results.swift; sourceTree = "<group>"; };
		98FAD140283660A7006DC4D9 /* ApiServices.swift */ = {isa = PBXFileReference; lastKnownFileType = sourcecode.swift; path = ApiServices.swift; sourceTree = "<group>"; };
		98FAD14228366A0B006DC4D9 /* EndPoints.swift */ = {isa = PBXFileReference; lastKnownFileType = sourcecode.swift; path = EndPoints.swift; sourceTree = "<group>"; };
/* End PBXFileReference section */

/* Begin PBXFrameworksBuildPhase section */
		98FAD0F9283652CC006DC4D9 /* Frameworks */ = {
			isa = PBXFrameworksBuildPhase;
			buildActionMask = 2147483647;
			files = (
			);
			runOnlyForDeploymentPostprocessing = 0;
		};
		98FAD10F283652CD006DC4D9 /* Frameworks */ = {
			isa = PBXFrameworksBuildPhase;
			buildActionMask = 2147483647;
			files = (
			);
			runOnlyForDeploymentPostprocessing = 0;
		};
		98FAD119283652CD006DC4D9 /* Frameworks */ = {
			isa = PBXFrameworksBuildPhase;
			buildActionMask = 2147483647;
			files = (
			);
			runOnlyForDeploymentPostprocessing = 0;
		};
/* End PBXFrameworksBuildPhase section */

/* Begin PBXGroup section */
		98FAD0F3283652CB006DC4D9 = {
			isa = PBXGroup;
			children = (
				98FAD0FE283652CC006DC4D9 /* MoviesApp */,
				98FAD115283652CD006DC4D9 /* MoviesAppTests */,
				98FAD11F283652CD006DC4D9 /* MoviesAppUITests */,
				98FAD0FD283652CC006DC4D9 /* Products */,
			);
			sourceTree = "<group>";
		};
		98FAD0FD283652CC006DC4D9 /* Products */ = {
			isa = PBXGroup;
			children = (
				98FAD0FC283652CC006DC4D9 /* MoviesApp.app */,
				98FAD112283652CD006DC4D9 /* MoviesAppTests.xctest */,
				98FAD11C283652CD006DC4D9 /* MoviesAppUITests.xctest */,
			);
			name = Products;
			sourceTree = "<group>";
		};
		98FAD0FE283652CC006DC4D9 /* MoviesApp */ = {
			isa = PBXGroup;
			children = (
				98FAD130283652E2006DC4D9 /* Networking */,
				98FAD12F283652D8006DC4D9 /* Extensions */,
				98FAD131283652F0006DC4D9 /* Models */,
				98FAD132283652F8006DC4D9 /* Screens */,
				98FAD0FF283652CC006DC4D9 /* AppDelegate.swift */,
				98FAD101283652CC006DC4D9 /* SceneDelegate.swift */,
				98FAD105283652CC006DC4D9 /* Main.storyboard */,
				98FAD108283652CD006DC4D9 /* Assets.xcassets */,
				98FAD10A283652CD006DC4D9 /* LaunchScreen.storyboard */,
				98FAD10D283652CD006DC4D9 /* Info.plist */,
			);
			path = MoviesApp;
			sourceTree = "<group>";
		};
		98FAD115283652CD006DC4D9 /* MoviesAppTests */ = {
			isa = PBXGroup;
			children = (
				98FAD116283652CD006DC4D9 /* MoviesAppTests.swift */,
			);
			path = MoviesAppTests;
			sourceTree = "<group>";
		};
		98FAD11F283652CD006DC4D9 /* MoviesAppUITests */ = {
			isa = PBXGroup;
			children = (
				98FAD120283652CD006DC4D9 /* MoviesAppUITests.swift */,
				98FAD122283652CD006DC4D9 /* MoviesAppUITestsLaunchTests.swift */,
			);
			path = MoviesAppUITests;
			sourceTree = "<group>";
		};
		98FAD12F283652D8006DC4D9 /* Extensions */ = {
			isa = PBXGroup;
			children = (
				98FAD13328365370006DC4D9 /* UITableViewExtension.swift */,
			);
			path = Extensions;
			sourceTree = "<group>";
		};
		98FAD130283652E2006DC4D9 /* Networking */ = {
			isa = PBXGroup;
			children = (
				98FAD140283660A7006DC4D9 /* ApiServices.swift */,
				98FAD14228366A0B006DC4D9 /* EndPoints.swift */,
			);
			path = Networking;
			sourceTree = "<group>";
		};
		98FAD131283652F0006DC4D9 /* Models */ = {
			isa = PBXGroup;
			children = (
				98FAD13B28365E8D006DC4D9 /* MoviesList */,
			);
			path = Models;
			sourceTree = "<group>";
		};
		98FAD132283652F8006DC4D9 /* Screens */ = {
			isa = PBXGroup;
			children = (
				98FAD135283653AC006DC4D9 /* MoviesList */,
			);
			path = Screens;
			sourceTree = "<group>";
		};
		98FAD135283653AC006DC4D9 /* MoviesList */ = {
			isa = PBXGroup;
			children = (
				98FAD103283652CC006DC4D9 /* MoviesListViewController.swift */,
				98FAD136283653C3006DC4D9 /* Cells */,
				98FAD13928365AB4006DC4D9 /* MoviesListViewModel.swift */,
			);
			path = MoviesList;
			sourceTree = "<group>";
		};
		98FAD136283653C3006DC4D9 /* Cells */ = {
			isa = PBXGroup;
			children = (
				98FAD137283653E0006DC4D9 /* MovieTVCell.swift */,
			);
			path = Cells;
			sourceTree = "<group>";
		};
		98FAD13B28365E8D006DC4D9 /* MoviesList */ = {
			isa = PBXGroup;
			children = (
				98FAD13C28365EA2006DC4D9 /* MoviesListModel.swift */,
				98FAD13D28365EA2006DC4D9 /* Results.swift */,
			);
			path = MoviesList;
			sourceTree = "<group>";
		};
/* End PBXGroup section */

/* Begin PBXNativeTarget section */
		98FAD0FB283652CC006DC4D9 /* MoviesApp */ = {
			isa = PBXNativeTarget;
			buildConfigurationList = 98FAD126283652CD006DC4D9 /* Build configuration list for PBXNativeTarget "MoviesApp" */;
			buildPhases = (
				98FAD0F8283652CC006DC4D9 /* Sources */,
				98FAD0F9283652CC006DC4D9 /* Frameworks */,
				98FAD0FA283652CC006DC4D9 /* Resources */,
			);
			buildRules = (
			);
			dependencies = (
			);
			name = MoviesApp;
			productName = MoviesApp;
			productReference = 98FAD0FC283652CC006DC4D9 /* MoviesApp.app */;
			productType = "com.apple.product-type.application";
		};
		98FAD111283652CD006DC4D9 /* MoviesAppTests */ = {
			isa = PBXNativeTarget;
			buildConfigurationList = 98FAD129283652CD006DC4D9 /* Build configuration list for PBXNativeTarget "MoviesAppTests" */;
			buildPhases = (
				98FAD10E283652CD006DC4D9 /* Sources */,
				98FAD10F283652CD006DC4D9 /* Frameworks */,
				98FAD110283652CD006DC4D9 /* Resources */,
			);
			buildRules = (
			);
			dependencies = (
				98FAD114283652CD006DC4D9 /* PBXTargetDependency */,
			);
			name = MoviesAppTests;
			productName = MoviesAppTests;
			productReference = 98FAD112283652CD006DC4D9 /* MoviesAppTests.xctest */;
			productType = "com.apple.product-type.bundle.unit-test";
		};
		98FAD11B283652CD006DC4D9 /* MoviesAppUITests */ = {
			isa = PBXNativeTarget;
			buildConfigurationList = 98FAD12C283652CD006DC4D9 /* Build configuration list for PBXNativeTarget "MoviesAppUITests" */;
			buildPhases = (
				98FAD118283652CD006DC4D9 /* Sources */,
				98FAD119283652CD006DC4D9 /* Frameworks */,
				98FAD11A283652CD006DC4D9 /* Resources */,
			);
			buildRules = (
			);
			dependencies = (
				98FAD11E283652CD006DC4D9 /* PBXTargetDependency */,
			);
			name = MoviesAppUITests;
			productName = MoviesAppUITests;
			productReference = 98FAD11C283652CD006DC4D9 /* MoviesAppUITests.xctest */;
			productType = "com.apple.product-type.bundle.ui-testing";
		};
/* End PBXNativeTarget section */

/* Begin PBXProject section */
		98FAD0F4283652CB006DC4D9 /* Project object */ = {
			isa = PBXProject;
			attributes = {
				BuildIndependentTargetsInParallel = 1;
				LastSwiftUpdateCheck = 1330;
				LastUpgradeCheck = 1330;
				TargetAttributes = {
					98FAD0FB283652CC006DC4D9 = {
						CreatedOnToolsVersion = 13.3;
					};
					98FAD111283652CD006DC4D9 = {
						CreatedOnToolsVersion = 13.3;
						TestTargetID = 98FAD0FB283652CC006DC4D9;
					};
					98FAD11B283652CD006DC4D9 = {
						CreatedOnToolsVersion = 13.3;
						TestTargetID = 98FAD0FB283652CC006DC4D9;
					};
				};
			};
			buildConfigurationList = 98FAD0F7283652CB006DC4D9 /* Build configuration list for PBXProject "MoviesApp" */;
			compatibilityVersion = "Xcode 13.0";
			developmentRegion = en;
			hasScannedForEncodings = 0;
			knownRegions = (
				en,
				Base,
			);
			mainGroup = 98FAD0F3283652CB006DC4D9;
			productRefGroup = 98FAD0FD283652CC006DC4D9 /* Products */;
			projectDirPath = "";
			projectRoot = "";
			targets = (
				98FAD0FB283652CC006DC4D9 /* MoviesApp */,
				98FAD111283652CD006DC4D9 /* MoviesAppTests */,
				98FAD11B283652CD006DC4D9 /* MoviesAppUITests */,
			);
		};
/* End PBXProject section */

/* Begin PBXResourcesBuildPhase section */
		98FAD0FA283652CC006DC4D9 /* Resources */ = {
			isa = PBXResourcesBuildPhase;
			buildActionMask = 2147483647;
			files = (
				98FAD10C283652CD006DC4D9 /* LaunchScreen.storyboard in Resources */,
				98FAD109283652CD006DC4D9 /* Assets.xcassets in Resources */,
				98FAD107283652CC006DC4D9 /* Main.storyboard in Resources */,
			);
			runOnlyForDeploymentPostprocessing = 0;
		};
		98FAD110283652CD006DC4D9 /* Resources */ = {
			isa = PBXResourcesBuildPhase;
			buildActionMask = 2147483647;
			files = (
			);
			runOnlyForDeploymentPostprocessing = 0;
		};
		98FAD11A283652CD006DC4D9 /* Resources */ = {
			isa = PBXResourcesBuildPhase;
			buildActionMask = 2147483647;
			files = (
			);
			runOnlyForDeploymentPostprocessing = 0;
		};
/* End PBXResourcesBuildPhase section */

/* Begin PBXSourcesBuildPhase section */
		98FAD0F8283652CC006DC4D9 /* Sources */ = {
			isa = PBXSourcesBuildPhase;
			buildActionMask = 2147483647;
			files = (
				98FAD104283652CC006DC4D9 /* MoviesListViewController.swift in Sources */,
				98FAD100283652CC006DC4D9 /* AppDelegate.swift in Sources */,
				98FAD13F28365EA2006DC4D9 /* Results.swift in Sources */,
				98FAD138283653E0006DC4D9 /* MovieTVCell.swift in Sources */,
				98FAD13A28365AB4006DC4D9 /* MoviesListViewModel.swift in Sources */,
				98FAD102283652CC006DC4D9 /* SceneDelegate.swift in Sources */,
				98FAD14328366A0B006DC4D9 /* EndPoints.swift in Sources */,
				98FAD141283660A7006DC4D9 /* ApiServices.swift in Sources */,
				98FAD13E28365EA2006DC4D9 /* MoviesListModel.swift in Sources */,
				98FAD13428365370006DC4D9 /* UITableViewExtension.swift in Sources */,
			);
			runOnlyForDeploymentPostprocessing = 0;
		};
		98FAD10E283652CD006DC4D9 /* Sources */ = {
			isa = PBXSourcesBuildPhase;
			buildActionMask = 2147483647;
			files = (
				98FAD117283652CD006DC4D9 /* MoviesAppTests.swift in Sources */,
			);
			runOnlyForDeploymentPostprocessing = 0;
		};
		98FAD118283652CD006DC4D9 /* Sources */ = {
			isa = PBXSourcesBuildPhase;
			buildActionMask = 2147483647;
			files = (
				98FAD121283652CD006DC4D9 /* MoviesAppUITests.swift in Sources */,
				98FAD123283652CD006DC4D9 /* MoviesAppUITestsLaunchTests.swift in Sources */,
			);
			runOnlyForDeploymentPostprocessing = 0;
		};
/* End PBXSourcesBuildPhase section */

/* Begin PBXTargetDependency section */
		98FAD114283652CD006DC4D9 /* PBXTargetDependency */ = {
			isa = PBXTargetDependency;
			target = 98FAD0FB283652CC006DC4D9 /* MoviesApp */;
			targetProxy = 98FAD113283652CD006DC4D9 /* PBXContainerItemProxy */;
		};
		98FAD11E283652CD006DC4D9 /* PBXTargetDependency */ = {
			isa = PBXTargetDependency;
			target = 98FAD0FB283652CC006DC4D9 /* MoviesApp */;
			targetProxy = 98FAD11D283652CD006DC4D9 /* PBXContainerItemProxy */;
		};
/* End PBXTargetDependency section */

/* Begin PBXVariantGroup section */
		98FAD105283652CC006DC4D9 /* Main.storyboard */ = {
			isa = PBXVariantGroup;
			children = (
				98FAD106283652CC006DC4D9 /* Base */,
			);
			name = Main.storyboard;
			sourceTree = "<group>";
		};
		98FAD10A283652CD006DC4D9 /* LaunchScreen.storyboard */ = {
			isa = PBXVariantGroup;
			children = (
				98FAD10B283652CD006DC4D9 /* Base */,
			);
			name = LaunchScreen.storyboard;
			sourceTree = "<group>";
		};
/* End PBXVariantGroup section */

/* Begin XCBuildConfiguration section */
		98FAD124283652CD006DC4D9 /* Debug */ = {
			isa = XCBuildConfiguration;
			buildSettings = {
				ALWAYS_SEARCH_USER_PATHS = NO;
				CLANG_ANALYZER_NONNULL = YES;
				CLANG_ANALYZER_NUMBER_OBJECT_CONVERSION = YES_AGGRESSIVE;
				CLANG_CXX_LANGUAGE_STANDARD = "gnu++17";
				CLANG_ENABLE_MODULES = YES;
				CLANG_ENABLE_OBJC_ARC = YES;
				CLANG_ENABLE_OBJC_WEAK = YES;
				CLANG_WARN_BLOCK_CAPTURE_AUTORELEASING = YES;
				CLANG_WARN_BOOL_CONVERSION = YES;
				CLANG_WARN_COMMA = YES;
				CLANG_WARN_CONSTANT_CONVERSION = YES;
				CLANG_WARN_DEPRECATED_OBJC_IMPLEMENTATIONS = YES;
				CLANG_WARN_DIRECT_OBJC_ISA_USAGE = YES_ERROR;
				CLANG_WARN_DOCUMENTATION_COMMENTS = YES;
				CLANG_WARN_EMPTY_BODY = YES;
				CLANG_WARN_ENUM_CONVERSION = YES;
				CLANG_WARN_INFINITE_RECURSION = YES;
				CLANG_WARN_INT_CONVERSION = YES;
				CLANG_WARN_NON_LITERAL_NULL_CONVERSION = YES;
				CLANG_WARN_OBJC_IMPLICIT_RETAIN_SELF = YES;
				CLANG_WARN_OBJC_LITERAL_CONVERSION = YES;
				CLANG_WARN_OBJC_ROOT_CLASS = YES_ERROR;
				CLANG_WARN_QUOTED_INCLUDE_IN_FRAMEWORK_HEADER = YES;
				CLANG_WARN_RANGE_LOOP_ANALYSIS = YES;
				CLANG_WARN_STRICT_PROTOTYPES = YES;
				CLANG_WARN_SUSPICIOUS_MOVE = YES;
				CLANG_WARN_UNGUARDED_AVAILABILITY = YES_AGGRESSIVE;
				CLANG_WARN_UNREACHABLE_CODE = YES;
				CLANG_WARN__DUPLICATE_METHOD_MATCH = YES;
				COPY_PHASE_STRIP = NO;
				DEBUG_INFORMATION_FORMAT = dwarf;
				ENABLE_STRICT_OBJC_MSGSEND = YES;
				ENABLE_TESTABILITY = YES;
				GCC_C_LANGUAGE_STANDARD = gnu11;
				GCC_DYNAMIC_NO_PIC = NO;
				GCC_NO_COMMON_BLOCKS = YES;
				GCC_OPTIMIZATION_LEVEL = 0;
				GCC_PREPROCESSOR_DEFINITIONS = (
					"DEBUG=1",
					"$(inherited)",
				);
				GCC_WARN_64_TO_32_BIT_CONVERSION = YES;
				GCC_WARN_ABOUT_RETURN_TYPE = YES_ERROR;
				GCC_WARN_UNDECLARED_SELECTOR = YES;
				GCC_WARN_UNINITIALIZED_AUTOS = YES_AGGRESSIVE;
				GCC_WARN_UNUSED_FUNCTION = YES;
				GCC_WARN_UNUSED_VARIABLE = YES;
				IPHONEOS_DEPLOYMENT_TARGET = 15.4;
				MTL_ENABLE_DEBUG_INFO = INCLUDE_SOURCE;
				MTL_FAST_MATH = YES;
				ONLY_ACTIVE_ARCH = YES;
				SDKROOT = iphoneos;
				SWIFT_ACTIVE_COMPILATION_CONDITIONS = DEBUG;
				SWIFT_OPTIMIZATION_LEVEL = "-Onone";
			};
			name = Debug;
		};
		98FAD125283652CD006DC4D9 /* Release */ = {
			isa = XCBuildConfiguration;
			buildSettings = {
				ALWAYS_SEARCH_USER_PATHS = NO;
				CLANG_ANALYZER_NONNULL = YES;
				CLANG_ANALYZER_NUMBER_OBJECT_CONVERSION = YES_AGGRESSIVE;
				CLANG_CXX_LANGUAGE_STANDARD = "gnu++17";
				CLANG_ENABLE_MODULES = YES;
				CLANG_ENABLE_OBJC_ARC = YES;
				CLANG_ENABLE_OBJC_WEAK = YES;
				CLANG_WARN_BLOCK_CAPTURE_AUTORELEASING = YES;
				CLANG_WARN_BOOL_CONVERSION = YES;
				CLANG_WARN_COMMA = YES;
				CLANG_WARN_CONSTANT_CONVERSION = YES;
				CLANG_WARN_DEPRECATED_OBJC_IMPLEMENTATIONS = YES;
				CLANG_WARN_DIRECT_OBJC_ISA_USAGE = YES_ERROR;
				CLANG_WARN_DOCUMENTATION_COMMENTS = YES;
				CLANG_WARN_EMPTY_BODY = YES;
				CLANG_WARN_ENUM_CONVERSION = YES;
				CLANG_WARN_INFINITE_RECURSION = YES;
				CLANG_WARN_INT_CONVERSION = YES;
				CLANG_WARN_NON_LITERAL_NULL_CONVERSION = YES;
				CLANG_WARN_OBJC_IMPLICIT_RETAIN_SELF = YES;
				CLANG_WARN_OBJC_LITERAL_CONVERSION = YES;
				CLANG_WARN_OBJC_ROOT_CLASS = YES_ERROR;
				CLANG_WARN_QUOTED_INCLUDE_IN_FRAMEWORK_HEADER = YES;
				CLANG_WARN_RANGE_LOOP_ANALYSIS = YES;
				CLANG_WARN_STRICT_PROTOTYPES = YES;
				CLANG_WARN_SUSPICIOUS_MOVE = YES;
				CLANG_WARN_UNGUARDED_AVAILABILITY = YES_AGGRESSIVE;
				CLANG_WARN_UNREACHABLE_CODE = YES;
				CLANG_WARN__DUPLICATE_METHOD_MATCH = YES;
				COPY_PHASE_STRIP = NO;
				DEBUG_INFORMATION_FORMAT = "dwarf-with-dsym";
				ENABLE_NS_ASSERTIONS = NO;
				ENABLE_STRICT_OBJC_MSGSEND = YES;
				GCC_C_LANGUAGE_STANDARD = gnu11;
				GCC_NO_COMMON_BLOCKS = YES;
				GCC_WARN_64_TO_32_BIT_CONVERSION = YES;
				GCC_WARN_ABOUT_RETURN_TYPE = YES_ERROR;
				GCC_WARN_UNDECLARED_SELECTOR = YES;
				GCC_WARN_UNINITIALIZED_AUTOS = YES_AGGRESSIVE;
				GCC_WARN_UNUSED_FUNCTION = YES;
				GCC_WARN_UNUSED_VARIABLE = YES;
				IPHONEOS_DEPLOYMENT_TARGET = 15.4;
				MTL_ENABLE_DEBUG_INFO = NO;
				MTL_FAST_MATH = YES;
				SDKROOT = iphoneos;
				SWIFT_COMPILATION_MODE = wholemodule;
				SWIFT_OPTIMIZATION_LEVEL = "-O";
				VALIDATE_PRODUCT = YES;
			};
			name = Release;
		};
		98FAD127283652CD006DC4D9 /* Debug */ = {
			isa = XCBuildConfiguration;
			buildSettings = {
				ASSETCATALOG_COMPILER_APPICON_NAME = AppIcon;
				ASSETCATALOG_COMPILER_GLOBAL_ACCENT_COLOR_NAME = AccentColor;
				CODE_SIGN_STYLE = Automatic;
				CURRENT_PROJECT_VERSION = 1;
				DEVELOPMENT_TEAM = S9JTS63CG9;
				GENERATE_INFOPLIST_FILE = YES;
				INFOPLIST_FILE = MoviesApp/Info.plist;
				INFOPLIST_KEY_UIApplicationSupportsIndirectInputEvents = YES;
				INFOPLIST_KEY_UILaunchStoryboardName = LaunchScreen;
				INFOPLIST_KEY_UIMainStoryboardFile = Main;
				INFOPLIST_KEY_UISupportedInterfaceOrientations_iPad = "UIInterfaceOrientationPortrait UIInterfaceOrientationPortraitUpsideDown UIInterfaceOrientationLandscapeLeft UIInterfaceOrientationLandscapeRight";
				INFOPLIST_KEY_UISupportedInterfaceOrientations_iPhone = "UIInterfaceOrientationPortrait UIInterfaceOrientationLandscapeLeft UIInterfaceOrientationLandscapeRight";
				LD_RUNPATH_SEARCH_PATHS = (
					"$(inherited)",
					"@executable_path/Frameworks",
				);
				MARKETING_VERSION = 1.0;
				PRODUCT_BUNDLE_IDENTIFIER = com.frontTech.MoviesApp;
				PRODUCT_NAME = "$(TARGET_NAME)";
				SWIFT_EMIT_LOC_STRINGS = YES;
				SWIFT_VERSION = 5.0;
				TARGETED_DEVICE_FAMILY = "1,2";
			};
			name = Debug;
		};
		98FAD128283652CD006DC4D9 /* Release */ = {
			isa = XCBuildConfiguration;
			buildSettings = {
				ASSETCATALOG_COMPILER_APPICON_NAME = AppIcon;
				ASSETCATALOG_COMPILER_GLOBAL_ACCENT_COLOR_NAME = AccentColor;
				CODE_SIGN_STYLE = Automatic;
				CURRENT_PROJECT_VERSION = 1;
				DEVELOPMENT_TEAM = S9JTS63CG9;
				GENERATE_INFOPLIST_FILE = YES;
				INFOPLIST_FILE = MoviesApp/Info.plist;
				INFOPLIST_KEY_UIApplicationSupportsIndirectInputEvents = YES;
				INFOPLIST_KEY_UILaunchStoryboardName = LaunchScreen;
				INFOPLIST_KEY_UIMainStoryboardFile = Main;
				INFOPLIST_KEY_UISupportedInterfaceOrientations_iPad = "UIInterfaceOrientationPortrait UIInterfaceOrientationPortraitUpsideDown UIInterfaceOrientationLandscapeLeft UIInterfaceOrientationLandscapeRight";
				INFOPLIST_KEY_UISupportedInterfaceOrientations_iPhone = "UIInterfaceOrientationPortrait UIInterfaceOrientationLandscapeLeft UIInterfaceOrientationLandscapeRight";
				LD_RUNPATH_SEARCH_PATHS = (
					"$(inherited)",
					"@executable_path/Frameworks",
				);
				MARKETING_VERSION = 1.0;
				PRODUCT_BUNDLE_IDENTIFIER = com.frontTech.MoviesApp;
				PRODUCT_NAME = "$(TARGET_NAME)";
				SWIFT_EMIT_LOC_STRINGS = YES;
				SWIFT_VERSION = 5.0;
				TARGETED_DEVICE_FAMILY = "1,2";
			};
			name = Release;
		};
		98FAD12A283652CD006DC4D9 /* Debug */ = {
			isa = XCBuildConfiguration;
			buildSettings = {
				ALWAYS_EMBED_SWIFT_STANDARD_LIBRARIES = YES;
				BUNDLE_LOADER = "$(TEST_HOST)";
				CODE_SIGN_STYLE = Automatic;
				CURRENT_PROJECT_VERSION = 1;
				DEVELOPMENT_TEAM = S9JTS63CG9;
				GENERATE_INFOPLIST_FILE = YES;
				IPHONEOS_DEPLOYMENT_TARGET = 15.4;
				MARKETING_VERSION = 1.0;
				PRODUCT_BUNDLE_IDENTIFIER = com.frontTech.MoviesAppTests;
				PRODUCT_NAME = "$(TARGET_NAME)";
				SWIFT_EMIT_LOC_STRINGS = NO;
				SWIFT_VERSION = 5.0;
				TARGETED_DEVICE_FAMILY = "1,2";
				TEST_HOST = "$(BUILT_PRODUCTS_DIR)/MoviesApp.app/MoviesApp";
			};
			name = Debug;
		};
		98FAD12B283652CD006DC4D9 /* Release */ = {
			isa = XCBuildConfiguration;
			buildSettings = {
				ALWAYS_EMBED_SWIFT_STANDARD_LIBRARIES = YES;
				BUNDLE_LOADER = "$(TEST_HOST)";
				CODE_SIGN_STYLE = Automatic;
				CURRENT_PROJECT_VERSION = 1;
				DEVELOPMENT_TEAM = S9JTS63CG9;
				GENERATE_INFOPLIST_FILE = YES;
				IPHONEOS_DEPLOYMENT_TARGET = 15.4;
				MARKETING_VERSION = 1.0;
				PRODUCT_BUNDLE_IDENTIFIER = com.frontTech.MoviesAppTests;
				PRODUCT_NAME = "$(TARGET_NAME)";
				SWIFT_EMIT_LOC_STRINGS = NO;
				SWIFT_VERSION = 5.0;
				TARGETED_DEVICE_FAMILY = "1,2";
				TEST_HOST = "$(BUILT_PRODUCTS_DIR)/MoviesApp.app/MoviesApp";
			};
			name = Release;
		};
		98FAD12D283652CD006DC4D9 /* Debug */ = {
			isa = XCBuildConfiguration;
			buildSettings = {
				ALWAYS_EMBED_SWIFT_STANDARD_LIBRARIES = YES;
				CODE_SIGN_STYLE = Automatic;
				CURRENT_PROJECT_VERSION = 1;
				DEVELOPMENT_TEAM = S9JTS63CG9;
				GENERATE_INFOPLIST_FILE = YES;
				MARKETING_VERSION = 1.0;
				PRODUCT_BUNDLE_IDENTIFIER = com.frontTech.MoviesAppUITests;
				PRODUCT_NAME = "$(TARGET_NAME)";
				SWIFT_EMIT_LOC_STRINGS = NO;
				SWIFT_VERSION = 5.0;
				TARGETED_DEVICE_FAMILY = "1,2";
				TEST_TARGET_NAME = MoviesApp;
			};
			name = Debug;
		};
		98FAD12E283652CD006DC4D9 /* Release */ = {
			isa = XCBuildConfiguration;
			buildSettings = {
				ALWAYS_EMBED_SWIFT_STANDARD_LIBRARIES = YES;
				CODE_SIGN_STYLE = Automatic;
				CURRENT_PROJECT_VERSION = 1;
				DEVELOPMENT_TEAM = S9JTS63CG9;
				GENERATE_INFOPLIST_FILE = YES;
				MARKETING_VERSION = 1.0;
				PRODUCT_BUNDLE_IDENTIFIER = com.frontTech.MoviesAppUITests;
				PRODUCT_NAME = "$(TARGET_NAME)";
				SWIFT_EMIT_LOC_STRINGS = NO;
				SWIFT_VERSION = 5.0;
				TARGETED_DEVICE_FAMILY = "1,2";
				TEST_TARGET_NAME = MoviesApp;
			};
			name = Release;
		};
/* End XCBuildConfiguration section */

/* Begin XCConfigurationList section */
		98FAD0F7283652CB006DC4D9 /* Build configuration list for PBXProject "MoviesApp" */ = {
			isa = XCConfigurationList;
			buildConfigurations = (
				98FAD124283652CD006DC4D9 /* Debug */,
				98FAD125283652CD006DC4D9 /* Release */,
			);
			defaultConfigurationIsVisible = 0;
			defaultConfigurationName = Release;
		};
		98FAD126283652CD006DC4D9 /* Build configuration list for PBXNativeTarget "MoviesApp" */ = {
			isa = XCConfigurationList;
			buildConfigurations = (
				98FAD127283652CD006DC4D9 /* Debug */,
				98FAD128283652CD006DC4D9 /* Release */,
			);
			defaultConfigurationIsVisible = 0;
			defaultConfigurationName = Release;
		};
		98FAD129283652CD006DC4D9 /* Build configuration list for PBXNativeTarget "MoviesAppTests" */ = {
			isa = XCConfigurationList;
			buildConfigurations = (
				98FAD12A283652CD006DC4D9 /* Debug */,
				98FAD12B283652CD006DC4D9 /* Release */,
			);
			defaultConfigurationIsVisible = 0;
			defaultConfigurationName = Release;
		};
		98FAD12C283652CD006DC4D9 /* Build configuration list for PBXNativeTarget "MoviesAppUITests" */ = {
			isa = XCConfigurationList;
			buildConfigurations = (
				98FAD12D283652CD006DC4D9 /* Debug */,
				98FAD12E283652CD006DC4D9 /* Release */,
			);
			defaultConfigurationIsVisible = 0;
			defaultConfigurationName = Release;
		};
/* End XCConfigurationList section */
	};
	rootObject = 98FAD0F4283652CB006DC4D9 /* Project object */;
}
