// !$*UTF8*$!
{
	archiveVersion = 1;
	classes = {
	};
	objectVersion = 55;
	objects = {

/* Begin PBXBuildFile section */
		6B4B304F9BCFB8425392D35C /* Pods_MoviesApp_MoviesAppUITests.framework in Frameworks */ = {isa = PBXBuildFile; fileRef = 28F34093FA6E8190EDBAECE4 /* Pods_MoviesApp_MoviesAppUITests.framework */; };
		6CFF9D806DC5D1093DF697AB /* Pods_MoviesAppTests.framework in Frameworks */ = {isa = PBXBuildFile; fileRef = D8D102FC1D3E71F80608DD9E /* Pods_MoviesAppTests.framework */; };
		9883BA4728367D4A00DD14DF /* UIImageView+Ext.swift in Sources */ = {isa = PBXBuildFile; fileRef = 9883BA4628367D4A00DD14DF /* UIImageView+Ext.swift */; };
		9883BA4A2836861400DD14DF /* MovieDetail.storyboard in Resources */ = {isa = PBXBuildFile; fileRef = 9883BA492836861400DD14DF /* MovieDetail.storyboard */; };
		9883BA4C2836863000DD14DF /* MovieDetailsViewController.swift in Sources */ = {isa = PBXBuildFile; fileRef = 9883BA4B2836863000DD14DF /* MovieDetailsViewController.swift */; };
		9883BA4E2836864D00DD14DF /* MovieDetailsViewModel.swift in Sources */ = {isa = PBXBuildFile; fileRef = 9883BA4D2836864D00DD14DF /* MovieDetailsViewModel.swift */; };
		9883BA502836875C00DD14DF /* UIView+Ext.swift in Sources */ = {isa = PBXBuildFile; fileRef = 9883BA4F2836875C00DD14DF /* UIView+Ext.swift */; };
		9883BA522836A19700DD14DF /* ApiClientTests.swift in Sources */ = {isa = PBXBuildFile; fileRef = 9883BA512836A19700DD14DF /* ApiClientTests.swift */; };
		98FAD100283652CC006DC4D9 /* AppDelegate.swift in Sources */ = {isa = PBXBuildFile; fileRef = 98FAD0FF283652CC006DC4D9 /* AppDelegate.swift */; };
		98FAD102283652CC006DC4D9 /* SceneDelegate.swift in Sources */ = {isa = PBXBuildFile; fileRef = 98FAD101283652CC006DC4D9 /* SceneDelegate.swift */; };
		98FAD104283652CC006DC4D9 /* MoviesListViewController.swift in Sources */ = {isa = PBXBuildFile; fileRef = 98FAD103283652CC006DC4D9 /* MoviesListViewController.swift */; };
		98FAD107283652CC006DC4D9 /* MoviesList.storyboard in Resources */ = {isa = PBXBuildFile; fileRef = 98FAD105283652CC006DC4D9 /* MoviesList.storyboard */; };
		98FAD109283652CD006DC4D9 /* Assets.xcassets in Resources */ = {isa = PBXBuildFile; fileRef = 98FAD108283652CD006DC4D9 /* Assets.xcassets */; };
		98FAD10C283652CD006DC4D9 /* LaunchScreen.storyboard in Resources */ = {isa = PBXBuildFile; fileRef = 98FAD10A283652CD006DC4D9 /* LaunchScreen.storyboard */; };
		98FAD121283652CD006DC4D9 /* MoviesAppUITests.swift in Sources */ = {isa = PBXBuildFile; fileRef = 98FAD120283652CD006DC4D9 /* MoviesAppUITests.swift */; };
		98FAD123283652CD006DC4D9 /* MoviesAppUITestsLaunchTests.swift in Sources */ = {isa = PBXBuildFile; fileRef = 98FAD122283652CD006DC4D9 /* MoviesAppUITestsLaunchTests.swift */; };
		98FAD13428365370006DC4D9 /* UITableViewExtension.swift in Sources */ = {isa = PBXBuildFile; fileRef = 98FAD13328365370006DC4D9 /* UITableViewExtension.swift */; };
		98FAD138283653E0006DC4D9 /* MovieTVCell.swift in Sources */ = {isa = PBXBuildFile; fileRef = 98FAD137283653E0006DC4D9 /* MovieTVCell.swift */; };
		98FAD13A28365AB4006DC4D9 /* MoviesListViewModel.swift in Sources */ = {isa = PBXBuildFile; fileRef = 98FAD13928365AB4006DC4D9 /* MoviesListViewModel.swift */; };
		98FAD13E28365EA2006DC4D9 /* MoviesListModel.swift in Sources */ = {isa = PBXBuildFile; fileRef = 98FAD13C28365EA2006DC4D9 /* MoviesListModel.swift */; };
		98FAD13F28365EA2006DC4D9 /* Results.swift in Sources */ = {isa = PBXBuildFile; fileRef = 98FAD13D28365EA2006DC4D9 /* Results.swift */; };
		98FAD141283660A7006DC4D9 /* ApiServices.swift in Sources */ = {isa = PBXBuildFile; fileRef = 98FAD140283660A7006DC4D9 /* ApiServices.swift */; };
		98FAD14328366A0B006DC4D9 /* EndPoints.swift in Sources */ = {isa = PBXBuildFile; fileRef = 98FAD14228366A0B006DC4D9 /* EndPoints.swift */; };
		98FAD14B28367C71006DC4D9 /* MovieDetailModel.swift in Sources */ = {isa = PBXBuildFile; fileRef = 98FAD14528367C71006DC4D9 /* MovieDetailModel.swift */; };
		98FAD14C28367C71006DC4D9 /* Production_companies.swift in Sources */ = {isa = PBXBuildFile; fileRef = 98FAD14628367C71006DC4D9 /* Production_companies.swift */; };
		98FAD14D28367C71006DC4D9 /* Genres.swift in Sources */ = {isa = PBXBuildFile; fileRef = 98FAD14728367C71006DC4D9 /* Genres.swift */; };
		98FAD14E28367C71006DC4D9 /* Production_countries.swift in Sources */ = {isa = PBXBuildFile; fileRef = 98FAD14828367C71006DC4D9 /* Production_countries.swift */; };
		98FAD14F28367C71006DC4D9 /* Belongs_to_collection.swift in Sources */ = {isa = PBXBuildFile; fileRef = 98FAD14928367C71006DC4D9 /* Belongs_to_collection.swift */; };
		98FAD15028367C71006DC4D9 /* Spoken_languages.swift in Sources */ = {isa = PBXBuildFile; fileRef = 98FAD14A28367C71006DC4D9 /* Spoken_languages.swift */; };
		9FD48190B19EAE34BF71F3AD /* Pods_MoviesApp.framework in Frameworks */ = {isa = PBXBuildFile; fileRef = FD2E4F0D0EBB3A50299C940B /* Pods_MoviesApp.framework */; };
/* End PBXBuildFile section */

/* Begin PBXContainerItemProxy section */
		98FAD113283652CD006DC4D9 /* PBXContainerItemProxy */ = {
			isa = PBXContainerItemProxy;
			containerPortal = 98FAD0F4283652CB006DC4D9 /* Project object */;
			proxyType = 1;
			remoteGlobalIDString = 98FAD0FB283652CC006DC4D9;
			remoteInfo = MoviesApp;
		};
		98FAD11D283652CD006DC4D9 /* PBXContainerItemProxy */ = {
			isa = PBXContainerItemProxy;
			containerPortal = 98FAD0F4283652CB006DC4D9 /* Project object */;
			proxyType = 1;
			remoteGlobalIDString = 98FAD0FB283652CC006DC4D9;
			remoteInfo = MoviesApp;
		};
/* End PBXContainerItemProxy section */

/* Begin PBXFileReference section */
		02A588F626EA72A3CA6643C5 /* Pods-MoviesApp-MoviesAppUITests.debug.xcconfig */ = {isa = PBXFileReference; includeInIndex = 1; lastKnownFileType = text.xcconfig; name = "Pods-MoviesApp-MoviesAppUITests.debug.xcconfig"; path = "Target Support Files/Pods-MoviesApp-MoviesAppUITests/Pods-MoviesApp-MoviesAppUITests.debug.xcconfig"; sourceTree = "<group>"; };
		28F34093FA6E8190EDBAECE4 /* Pods_MoviesApp_MoviesAppUITests.framework */ = {isa = PBXFileReference; explicitFileType = wrapper.framework; includeInIndex = 0; path = Pods_MoviesApp_MoviesAppUITests.framework; sourceTree = BUILT_PRODUCTS_DIR; };
		4075998A68BB96A8C9FA42BB /* Pods-MoviesApp-MoviesAppUITests.release.xcconfig */ = {isa = PBXFileReference; includeInIndex = 1; lastKnownFileType = text.xcconfig; name = "Pods-MoviesApp-MoviesAppUITests.release.xcconfig"; path = "Target Support Files/Pods-MoviesApp-MoviesAppUITests/Pods-MoviesApp-MoviesAppUITests.release.xcconfig"; sourceTree = "<group>"; };
		78F686C0F57AF1239C3DA35D /* Pods-MoviesAppTests.release.xcconfig */ = {isa = PBXFileReference; includeInIndex = 1; lastKnownFileType = text.xcconfig; name = "Pods-MoviesAppTests.release.xcconfig"; path = "Target Support Files/Pods-MoviesAppTests/Pods-MoviesAppTests.release.xcconfig"; sourceTree = "<group>"; };
		974475D981BB368D2D90D6E3 /* Pods-MoviesApp.release.xcconfig */ = {isa = PBXFileReference; includeInIndex = 1; lastKnownFileType = text.xcconfig; name = "Pods-MoviesApp.release.xcconfig"; path = "Target Support Files/Pods-MoviesApp/Pods-MoviesApp.release.xcconfig"; sourceTree = "<group>"; };
		9883BA4628367D4A00DD14DF /* UIImageView+Ext.swift */ = {isa = PBXFileReference; fileEncoding = 4; lastKnownFileType = sourcecode.swift; path = "UIImageView+Ext.swift"; sourceTree = "<group>"; };
		9883BA492836861400DD14DF /* MovieDetail.storyboard */ = {isa = PBXFileReference; lastKnownFileType = file.storyboard; path = MovieDetail.storyboard; sourceTree = "<group>"; };
		9883BA4B2836863000DD14DF /* MovieDetailsViewController.swift */ = {isa = PBXFileReference; lastKnownFileType = sourcecode.swift; path = MovieDetailsViewController.swift; sourceTree = "<group>"; };
		9883BA4D2836864D00DD14DF /* MovieDetailsViewModel.swift */ = {isa = PBXFileReference; lastKnownFileType = sourcecode.swift; path = MovieDetailsViewModel.swift; sourceTree = "<group>"; };
		9883BA4F2836875C00DD14DF /* UIView+Ext.swift */ = {isa = PBXFileReference; lastKnownFileType = sourcecode.swift; path = "UIView+Ext.swift"; sourceTree = "<group>"; };
		9883BA512836A19700DD14DF /* ApiClientTests.swift */ = {isa = PBXFileReference; lastKnownFileType = sourcecode.swift; path = ApiClientTests.swift; sourceTree = "<group>"; };
		98FAD0FC283652CC006DC4D9 /* MoviesApp.app */ = {isa = PBXFileReference; explicitFileType = wrapper.application; includeInIndex = 0; path = MoviesApp.app; sourceTree = BUILT_PRODUCTS_DIR; };
		98FAD0FF283652CC006DC4D9 /* AppDelegate.swift */ = {isa = PBXFileReference; lastKnownFileType = sourcecode.swift; path = AppDelegate.swift; sourceTree = "<group>"; };
		98FAD101283652CC006DC4D9 /* SceneDelegate.swift */ = {isa = PBXFileReference; lastKnownFileType = sourcecode.swift; path = SceneDelegate.swift; sourceTree = "<group>"; };
		98FAD103283652CC006DC4D9 /* MoviesListViewController.swift */ = {isa = PBXFileReference; lastKnownFileType = sourcecode.swift; path = MoviesListViewController.swift; sourceTree = "<group>"; };
		98FAD106283652CC006DC4D9 /* Base */ = {isa = PBXFileReference; lastKnownFileType = file.storyboard; name = Base; path = Base.lproj/MoviesList.storyboard; sourceTree = "<group>"; };
		98FAD108283652CD006DC4D9 /* Assets.xcassets */ = {isa = PBXFileReference; lastKnownFileType = folder.assetcatalog; path = Assets.xcassets; sourceTree = "<group>"; };
		98FAD10B283652CD006DC4D9 /* Base */ = {isa = PBXFileReference; lastKnownFileType = file.storyboard; name = Base; path = Base.lproj/LaunchScreen.storyboard; sourceTree = "<group>"; };
		98FAD10D283652CD006DC4D9 /* Info.plist */ = {isa = PBXFileReference; lastKnownFileType = text.plist.xml; path = Info.plist; sourceTree = "<group>"; };
		98FAD112283652CD006DC4D9 /* MoviesAppTests.xctest */ = {isa = PBXFileReference; explicitFileType = wrapper.cfbundle; includeInIndex = 0; path = MoviesAppTests.xctest; sourceTree = BUILT_PRODUCTS_DIR; };
		98FAD11C283652CD006DC4D9 /* MoviesAppUITests.xctest */ = {isa = PBXFileReference; explicitFileType = wrapper.cfbundle; includeInIndex = 0; path = MoviesAppUITests.xctest; sourceTree = BUILT_PRODUCTS_DIR; };
		98FAD120283652CD006DC4D9 /* MoviesAppUITests.swift */ = {isa = PBXFileReference; lastKnownFileType = sourcecode.swift; path = MoviesAppUITests.swift; sourceTree = "<group>"; };
		98FAD122283652CD006DC4D9 /* MoviesAppUITestsLaunchTests.swift */ = {isa = PBXFileReference; lastKnownFileType = sourcecode.swift; path = MoviesAppUITestsLaunchTests.swift; sourceTree = "<group>"; };
		98FAD13328365370006DC4D9 /* UITableViewExtension.swift */ = {isa = PBXFileReference; fileEncoding = 4; lastKnownFileType = sourcecode.swift; path = UITableViewExtension.swift; sourceTree = "<group>"; };
		98FAD137283653E0006DC4D9 /* MovieTVCell.swift */ = {isa = PBXFileReference; fileEncoding = 4; lastKnownFileType = sourcecode.swift; path = MovieTVCell.swift; sourceTree = "<group>"; };
		98FAD13928365AB4006DC4D9 /* MoviesListViewModel.swift */ = {isa = PBXFileReference; lastKnownFileType = sourcecode.swift; path = MoviesListViewModel.swift; sourceTree = "<group>"; };
		98FAD13C28365EA2006DC4D9 /* MoviesListModel.swift */ = {isa = PBXFileReference; fileEncoding = 4; lastKnownFileType = sourcecode.swift; path = MoviesListModel.swift; sourceTree = "<group>"; };
		98FAD13D28365EA2006DC4D9 /* Results.swift */ = {isa = PBXFileReference; fileEncoding = 4; lastKnownFileType = sourcecode.swift; path = Results.swift; sourceTree = "<group>"; };
		98FAD140283660A7006DC4D9 /* ApiServices.swift */ = {isa = PBXFileReference; lastKnownFileType = sourcecode.swift; path = ApiServices.swift; sourceTree = "<group>"; };
		98FAD14228366A0B006DC4D9 /* EndPoints.swift */ = {isa = PBXFileReference; lastKnownFileType = sourcecode.swift; path = EndPoints.swift; sourceTree = "<group>"; };
		98FAD14528367C71006DC4D9 /* MovieDetailModel.swift */ = {isa = PBXFileReference; fileEncoding = 4; lastKnownFileType = sourcecode.swift; path = MovieDetailModel.swift; sourceTree = "<group>"; };
		98FAD14628367C71006DC4D9 /* Production_companies.swift */ = {isa = PBXFileReference; fileEncoding = 4; lastKnownFileType = sourcecode.swift; path = Production_companies.swift; sourceTree = "<group>"; };
		98FAD14728367C71006DC4D9 /* Genres.swift */ = {isa = PBXFileReference; fileEncoding = 4; lastKnownFileType = sourcecode.swift; path = Genres.swift; sourceTree = "<group>"; };
		98FAD14828367C71006DC4D9 /* Production_countries.swift */ = {isa = PBXFileReference; fileEncoding = 4; lastKnownFileType = sourcecode.swift; path = Production_countries.swift; sourceTree = "<group>"; };
		98FAD14928367C71006DC4D9 /* Belongs_to_collection.swift */ = {isa = PBXFileReference; fileEncoding = 4; lastKnownFileType = sourcecode.swift; path = Belongs_to_collection.swift; sourceTree = "<group>"; };
		98FAD14A28367C71006DC4D9 /* Spoken_languages.swift */ = {isa = PBXFileReference; fileEncoding = 4; lastKnownFileType = sourcecode.swift; path = Spoken_languages.swift; sourceTree = "<group>"; };
		9AC6646715E895C9C2915B83 /* Pods-MoviesAppTests.debug.xcconfig */ = {isa = PBXFileReference; includeInIndex = 1; lastKnownFileType = text.xcconfig; name = "Pods-MoviesAppTests.debug.xcconfig"; path = "Target Support Files/Pods-MoviesAppTests/Pods-MoviesAppTests.debug.xcconfig"; sourceTree = "<group>"; };
		C548C32F9C34546D3612F522 /* Pods-MoviesApp.debug.xcconfig */ = {isa = PBXFileReference; includeInIndex = 1; lastKnownFileType = text.xcconfig; name = "Pods-MoviesApp.debug.xcconfig"; path = "Target Support Files/Pods-MoviesApp/Pods-MoviesApp.debug.xcconfig"; sourceTree = "<group>"; };
		D8D102FC1D3E71F80608DD9E /* Pods_MoviesAppTests.framework */ = {isa = PBXFileReference; explicitFileType = wrapper.framework; includeInIndex = 0; path = Pods_MoviesAppTests.framework; sourceTree = BUILT_PRODUCTS_DIR; };
		FD2E4F0D0EBB3A50299C940B /* Pods_MoviesApp.framework */ = {isa = PBXFileReference; explicitFileType = wrapper.framework; includeInIndex = 0; path = Pods_MoviesApp.framework; sourceTree = BUILT_PRODUCTS_DIR; };
/* End PBXFileReference section */

/* Begin PBXFrameworksBuildPhase section */
		98FAD0F9283652CC006DC4D9 /* Frameworks */ = {
			isa = PBXFrameworksBuildPhase;
			buildActionMask = 2147483647;
			files = (
				9FD48190B19EAE34BF71F3AD /* Pods_MoviesApp.framework in Frameworks */,
			);
			runOnlyForDeploymentPostprocessing = 0;
		};
		98FAD10F283652CD006DC4D9 /* Frameworks */ = {
			isa = PBXFrameworksBuildPhase;
			buildActionMask = 2147483647;
			files = (
				6CFF9D806DC5D1093DF697AB /* Pods_MoviesAppTests.framework in Frameworks */,
			);
			runOnlyForDeploymentPostprocessing = 0;
		};
		98FAD119283652CD006DC4D9 /* Frameworks */ = {
			isa = PBXFrameworksBuildPhase;
			buildActionMask = 2147483647;
			files = (
				6B4B304F9BCFB8425392D35C /* Pods_MoviesApp_MoviesAppUITests.framework in Frameworks */,
			);
			runOnlyForDeploymentPostprocessing = 0;
		};
/* End PBXFrameworksBuildPhase section */

/* Begin PBXGroup section */
		37274C9D2B7BFBA849EB029E /* Pods */ = {
			isa = PBXGroup;
			children = (
				C548C32F9C34546D3612F522 /* Pods-MoviesApp.debug.xcconfig */,
				974475D981BB368D2D90D6E3 /* Pods-MoviesApp.release.xcconfig */,
				02A588F626EA72A3CA6643C5 /* Pods-MoviesApp-MoviesAppUITests.debug.xcconfig */,
				4075998A68BB96A8C9FA42BB /* Pods-MoviesApp-MoviesAppUITests.release.xcconfig */,
				9AC6646715E895C9C2915B83 /* Pods-MoviesAppTests.debug.xcconfig */,
				78F686C0F57AF1239C3DA35D /* Pods-MoviesAppTests.release.xcconfig */,
			);
			path = Pods;
			sourceTree = "<group>";
		};
		9883BA48283685F700DD14DF /* MovieDetails */ = {
			isa = PBXGroup;
			children = (
				9883BA492836861400DD14DF /* MovieDetail.storyboard */,
				9883BA4B2836863000DD14DF /* MovieDetailsViewController.swift */,
				9883BA4D2836864D00DD14DF /* MovieDetailsViewModel.swift */,
			);
			path = MovieDetails;
			sourceTree = "<group>";
		};
		9896A0F02836B99E0073D7A8 /* JsonResponses */ = {
			isa = PBXGroup;
			children = (
			);
			path = JsonResponses;
			sourceTree = "<group>";
		};
		98FAD0F3283652CB006DC4D9 = {
			isa = PBXGroup;
			children = (
				98FAD0FE283652CC006DC4D9 /* MoviesApp */,
				98FAD115283652CD006DC4D9 /* MoviesAppTests */,
				98FAD11F283652CD006DC4D9 /* MoviesAppUITests */,
				98FAD0FD283652CC006DC4D9 /* Products */,
				37274C9D2B7BFBA849EB029E /* Pods */,
				9C148EDA7517FC06BD5E518C /* Frameworks */,
			);
			sourceTree = "<group>";
		};
		98FAD0FD283652CC006DC4D9 /* Products */ = {
			isa = PBXGroup;
			children = (
				98FAD0FC283652CC006DC4D9 /* MoviesApp.app */,
				98FAD112283652CD006DC4D9 /* MoviesAppTests.xctest */,
				98FAD11C283652CD006DC4D9 /* MoviesAppUITests.xctest */,
			);
			name = Products;
			sourceTree = "<group>";
		};
		98FAD0FE283652CC006DC4D9 /* MoviesApp */ = {
			isa = PBXGroup;
			children = (
				98FAD130283652E2006DC4D9 /* Networking */,
				98FAD12F283652D8006DC4D9 /* Extensions */,
				98FAD131283652F0006DC4D9 /* Models */,
				98FAD132283652F8006DC4D9 /* Screens */,
				98FAD0FF283652CC006DC4D9 /* AppDelegate.swift */,
				98FAD101283652CC006DC4D9 /* SceneDelegate.swift */,
				98FAD108283652CD006DC4D9 /* Assets.xcassets */,
				98FAD10A283652CD006DC4D9 /* LaunchScreen.storyboard */,
				98FAD10D283652CD006DC4D9 /* Info.plist */,
			);
			path = MoviesApp;
			sourceTree = "<group>";
		};
		98FAD115283652CD006DC4D9 /* MoviesAppTests */ = {
			isa = PBXGroup;
			children = (
				9896A0F02836B99E0073D7A8 /* JsonResponses */,
				9883BA512836A19700DD14DF /* ApiClientTests.swift */,
			);
			path = MoviesAppTests;
			sourceTree = "<group>";
		};
		98FAD11F283652CD006DC4D9 /* MoviesAppUITests */ = {
			isa = PBXGroup;
			children = (
				98FAD120283652CD006DC4D9 /* MoviesAppUITests.swift */,
				98FAD122283652CD006DC4D9 /* MoviesAppUITestsLaunchTests.swift */,
			);
			path = MoviesAppUITests;
			sourceTree = "<group>";
		};
		98FAD12F283652D8006DC4D9 /* Extensions */ = {
			isa = PBXGroup;
			children = (
				98FAD13328365370006DC4D9 /* UITableViewExtension.swift */,
				9883BA4628367D4A00DD14DF /* UIImageView+Ext.swift */,
				9883BA4F2836875C00DD14DF /* UIView+Ext.swift */,
			);
			path = Extensions;
			sourceTree = "<group>";
		};
		98FAD130283652E2006DC4D9 /* Networking */ = {
			isa = PBXGroup;
			children = (
				98FAD140283660A7006DC4D9 /* ApiServices.swift */,
				98FAD14228366A0B006DC4D9 /* EndPoints.swift */,
			);
			path = Networking;
			sourceTree = "<group>";
		};
		98FAD131283652F0006DC4D9 /* Models */ = {
			isa = PBXGroup;
			children = (
				98FAD14428367C57006DC4D9 /* MovieDetail */,
				98FAD13B28365E8D006DC4D9 /* MoviesList */,
			);
			path = Models;
			sourceTree = "<group>";
		};
		98FAD132283652F8006DC4D9 /* Screens */ = {
			isa = PBXGroup;
			children = (
				9883BA48283685F700DD14DF /* MovieDetails */,
				98FAD135283653AC006DC4D9 /* MoviesList */,
			);
			path = Screens;
			sourceTree = "<group>";
		};
		98FAD135283653AC006DC4D9 /* MoviesList */ = {
			isa = PBXGroup;
			children = (
				98FAD105283652CC006DC4D9 /* MoviesList.storyboard */,
				98FAD103283652CC006DC4D9 /* MoviesListViewController.swift */,
				98FAD13928365AB4006DC4D9 /* MoviesListViewModel.swift */,
				98FAD136283653C3006DC4D9 /* Cells */,
			);
			path = MoviesList;
			sourceTree = "<group>";
		};
		98FAD136283653C3006DC4D9 /* Cells */ = {
			isa = PBXGroup;
			children = (
				98FAD137283653E0006DC4D9 /* MovieTVCell.swift */,
			);
			path = Cells;
			sourceTree = "<group>";
		};
		98FAD13B28365E8D006DC4D9 /* MoviesList */ = {
			isa = PBXGroup;
			children = (
				98FAD13C28365EA2006DC4D9 /* MoviesListModel.swift */,
				98FAD13D28365EA2006DC4D9 /* Results.swift */,
			);
			path = MoviesList;
			sourceTree = "<group>";
		};
		98FAD14428367C57006DC4D9 /* MovieDetail */ = {
			isa = PBXGroup;
			children = (
				98FAD14528367C71006DC4D9 /* MovieDetailModel.swift */,
				98FAD14928367C71006DC4D9 /* Belongs_to_collection.swift */,
				98FAD14728367C71006DC4D9 /* Genres.swift */,
				98FAD14628367C71006DC4D9 /* Production_companies.swift */,
				98FAD14828367C71006DC4D9 /* Production_countries.swift */,
				98FAD14A28367C71006DC4D9 /* Spoken_languages.swift */,
			);
			path = MovieDetail;
			sourceTree = "<group>";
		};
		9C148EDA7517FC06BD5E518C /* Frameworks */ = {
			isa = PBXGroup;
			children = (
				FD2E4F0D0EBB3A50299C940B /* Pods_MoviesApp.framework */,
				28F34093FA6E8190EDBAECE4 /* Pods_MoviesApp_MoviesAppUITests.framework */,
				D8D102FC1D3E71F80608DD9E /* Pods_MoviesAppTests.framework */,
			);
			name = Frameworks;
			sourceTree = "<group>";
		};
/* End PBXGroup section */

/* Begin PBXNativeTarget section */
		98FAD0FB283652CC006DC4D9 /* MoviesApp */ = {
			isa = PBXNativeTarget;
			buildConfigurationList = 98FAD126283652CD006DC4D9 /* Build configuration list for PBXNativeTarget "MoviesApp" */;
			buildPhases = (
				71C23B08A13EA6CB61159D0D /* [CP] Check Pods Manifest.lock */,
				98FAD0F8283652CC006DC4D9 /* Sources */,
				98FAD0F9283652CC006DC4D9 /* Frameworks */,
				98FAD0FA283652CC006DC4D9 /* Resources */,
				29AA86165B10BD2DD57BCB7B /* [CP] Embed Pods Frameworks */,
			);
			buildRules = (
			);
			dependencies = (
			);
			name = MoviesApp;
			productName = MoviesApp;
			productReference = 98FAD0FC283652CC006DC4D9 /* MoviesApp.app */;
			productType = "com.apple.product-type.application";
		};
		98FAD111283652CD006DC4D9 /* MoviesAppTests */ = {
			isa = PBXNativeTarget;
			buildConfigurationList = 98FAD129283652CD006DC4D9 /* Build configuration list for PBXNativeTarget "MoviesAppTests" */;
			buildPhases = (
				77A73D29905917CB8C91DB6D /* [CP] Check Pods Manifest.lock */,
				98FAD10E283652CD006DC4D9 /* Sources */,
				98FAD10F283652CD006DC4D9 /* Frameworks */,
				98FAD110283652CD006DC4D9 /* Resources */,
			);
			buildRules = (
			);
			dependencies = (
				98FAD114283652CD006DC4D9 /* PBXTargetDependency */,
			);
			name = MoviesAppTests;
			productName = MoviesAppTests;
			productReference = 98FAD112283652CD006DC4D9 /* MoviesAppTests.xctest */;
			productType = "com.apple.product-type.bundle.unit-test";
		};
		98FAD11B283652CD006DC4D9 /* MoviesAppUITests */ = {
			isa = PBXNativeTarget;
			buildConfigurationList = 98FAD12C283652CD006DC4D9 /* Build configuration list for PBXNativeTarget "MoviesAppUITests" */;
			buildPhases = (
				C540B65DD52EE76AA81C7EB4 /* [CP] Check Pods Manifest.lock */,
				98FAD118283652CD006DC4D9 /* Sources */,
				98FAD119283652CD006DC4D9 /* Frameworks */,
				98FAD11A283652CD006DC4D9 /* Resources */,
				6C5671EBD91311A9F9877360 /* [CP] Embed Pods Frameworks */,
			);
			buildRules = (
			);
			dependencies = (
				98FAD11E283652CD006DC4D9 /* PBXTargetDependency */,
			);
			name = MoviesAppUITests;
			productName = MoviesAppUITests;
			productReference = 98FAD11C283652CD006DC4D9 /* MoviesAppUITests.xctest */;
			productType = "com.apple.product-type.bundle.ui-testing";
		};
/* End PBXNativeTarget section */

/* Begin PBXProject section */
		98FAD0F4283652CB006DC4D9 /* Project object */ = {
			isa = PBXProject;
			attributes = {
				BuildIndependentTargetsInParallel = 1;
				LastSwiftUpdateCheck = 1330;
				LastUpgradeCheck = 1330;
				TargetAttributes = {
					98FAD0FB283652CC006DC4D9 = {
						CreatedOnToolsVersion = 13.3;
					};
					98FAD111283652CD006DC4D9 = {
						CreatedOnToolsVersion = 13.3;
						TestTargetID = 98FAD0FB283652CC006DC4D9;
					};
					98FAD11B283652CD006DC4D9 = {
						CreatedOnToolsVersion = 13.3;
						TestTargetID = 98FAD0FB283652CC006DC4D9;
					};
				};
			};
			buildConfigurationList = 98FAD0F7283652CB006DC4D9 /* Build configuration list for PBXProject "MoviesApp" */;
			compatibilityVersion = "Xcode 13.0";
			developmentRegion = en;
			hasScannedForEncodings = 0;
			knownRegions = (
				en,
				Base,
			);
			mainGroup = 98FAD0F3283652CB006DC4D9;
			productRefGroup = 98FAD0FD283652CC006DC4D9 /* Products */;
			projectDirPath = "";
			projectRoot = "";
			targets = (
				98FAD0FB283652CC006DC4D9 /* MoviesApp */,
				98FAD111283652CD006DC4D9 /* MoviesAppTests */,
				98FAD11B283652CD006DC4D9 /* MoviesAppUITests */,
			);
		};
/* End PBXProject section */

/* Begin PBXResourcesBuildPhase section */
		98FAD0FA283652CC006DC4D9 /* Resources */ = {
			isa = PBXResourcesBuildPhase;
			buildActionMask = 2147483647;
			files = (
				9883BA4A2836861400DD14DF /* MovieDetail.storyboard in Resources */,
				98FAD10C283652CD006DC4D9 /* LaunchScreen.storyboard in Resources */,
				98FAD109283652CD006DC4D9 /* Assets.xcassets in Resources */,
				98FAD107283652CC006DC4D9 /* MoviesList.storyboard in Resources */,
			);
			runOnlyForDeploymentPostprocessing = 0;
		};
		98FAD110283652CD006DC4D9 /* Resources */ = {
			isa = PBXResourcesBuildPhase;
			buildActionMask = 2147483647;
			files = (
			);
			runOnlyForDeploymentPostprocessing = 0;
		};
		98FAD11A283652CD006DC4D9 /* Resources */ = {
			isa = PBXResourcesBuildPhase;
			buildActionMask = 2147483647;
			files = (
			);
			runOnlyForDeploymentPostprocessing = 0;
		};
/* End PBXResourcesBuildPhase section */

/* Begin PBXShellScriptBuildPhase section */
		29AA86165B10BD2DD57BCB7B /* [CP] Embed Pods Frameworks */ = {
			isa = PBXShellScriptBuildPhase;
			buildActionMask = 2147483647;
			files = (
			);
			inputFileListPaths = (
				"${PODS_ROOT}/Target Support Files/Pods-MoviesApp/Pods-MoviesApp-frameworks-${CONFIGURATION}-input-files.xcfilelist",
			);
			name = "[CP] Embed Pods Frameworks";
			outputFileListPaths = (
				"${PODS_ROOT}/Target Support Files/Pods-MoviesApp/Pods-MoviesApp-frameworks-${CONFIGURATION}-output-files.xcfilelist",
			);
			runOnlyForDeploymentPostprocessing = 0;
			shellPath = /bin/sh;
			shellScript = "\"${PODS_ROOT}/Target Support Files/Pods-MoviesApp/Pods-MoviesApp-frameworks.sh\"\n";
			showEnvVarsInLog = 0;
		};
		6C5671EBD91311A9F9877360 /* [CP] Embed Pods Frameworks */ = {
			isa = PBXShellScriptBuildPhase;
			buildActionMask = 2147483647;
			files = (
			);
			inputFileListPaths = (
				"${PODS_ROOT}/Target Support Files/Pods-MoviesApp-MoviesAppUITests/Pods-MoviesApp-MoviesAppUITests-frameworks-${CONFIGURATION}-input-files.xcfilelist",
			);
			name = "[CP] Embed Pods Frameworks";
			outputFileListPaths = (
				"${PODS_ROOT}/Target Support Files/Pods-MoviesApp-MoviesAppUITests/Pods-MoviesApp-MoviesAppUITests-frameworks-${CONFIGURATION}-output-files.xcfilelist",
			);
			runOnlyForDeploymentPostprocessing = 0;
			shellPath = /bin/sh;
			shellScript = "\"${PODS_ROOT}/Target Support Files/Pods-MoviesApp-MoviesAppUITests/Pods-MoviesApp-MoviesAppUITests-frameworks.sh\"\n";
			showEnvVarsInLog = 0;
		};
		71C23B08A13EA6CB61159D0D /* [CP] Check Pods Manifest.lock */ = {
			isa = PBXShellScriptBuildPhase;
			buildActionMask = 2147483647;
			files = (
			);
			inputFileListPaths = (
			);
			inputPaths = (
				"${PODS_PODFILE_DIR_PATH}/Podfile.lock",
				"${PODS_ROOT}/Manifest.lock",
			);
			name = "[CP] Check Pods Manifest.lock";
			outputFileListPaths = (
			);
			outputPaths = (
				"$(DERIVED_FILE_DIR)/Pods-MoviesApp-checkManifestLockResult.txt",
			);
			runOnlyForDeploymentPostprocessing = 0;
			shellPath = /bin/sh;
			shellScript = "diff \"${PODS_PODFILE_DIR_PATH}/Podfile.lock\" \"${PODS_ROOT}/Manifest.lock\" > /dev/null\nif [ $? != 0 ] ; then\n    # print error to STDERR\n    echo \"error: The sandbox is not in sync with the Podfile.lock. Run 'pod install' or update your CocoaPods installation.\" >&2\n    exit 1\nfi\n# This output is used by Xcode 'outputs' to avoid re-running this script phase.\necho \"SUCCESS\" > \"${SCRIPT_OUTPUT_FILE_0}\"\n";
			showEnvVarsInLog = 0;
		};
		77A73D29905917CB8C91DB6D /* [CP] Check Pods Manifest.lock */ = {
			isa = PBXShellScriptBuildPhase;
			buildActionMask = 2147483647;
			files = (
			);
			inputFileListPaths = (
			);
			inputPaths = (
				"${PODS_PODFILE_DIR_PATH}/Podfile.lock",
				"${PODS_ROOT}/Manifest.lock",
			);
			name = "[CP] Check Pods Manifest.lock";
			outputFileListPaths = (
			);
			outputPaths = (
				"$(DERIVED_FILE_DIR)/Pods-MoviesAppTests-checkManifestLockResult.txt",
			);
			runOnlyForDeploymentPostprocessing = 0;
			shellPath = /bin/sh;
			shellScript = "diff \"${PODS_PODFILE_DIR_PATH}/Podfile.lock\" \"${PODS_ROOT}/Manifest.lock\" > /dev/null\nif [ $? != 0 ] ; then\n    # print error to STDERR\n    echo \"error: The sandbox is not in sync with the Podfile.lock. Run 'pod install' or update your CocoaPods installation.\" >&2\n    exit 1\nfi\n# This output is used by Xcode 'outputs' to avoid re-running this script phase.\necho \"SUCCESS\" > \"${SCRIPT_OUTPUT_FILE_0}\"\n";
			showEnvVarsInLog = 0;
		};
		C540B65DD52EE76AA81C7EB4 /* [CP] Check Pods Manifest.lock */ = {
			isa = PBXShellScriptBuildPhase;
			buildActionMask = 2147483647;
			files = (
			);
			inputFileListPaths = (
			);
			inputPaths = (
				"${PODS_PODFILE_DIR_PATH}/Podfile.lock",
				"${PODS_ROOT}/Manifest.lock",
			);
			name = "[CP] Check Pods Manifest.lock";
			outputFileListPaths = (
			);
			outputPaths = (
				"$(DERIVED_FILE_DIR)/Pods-MoviesApp-MoviesAppUITests-checkManifestLockResult.txt",
			);
			runOnlyForDeploymentPostprocessing = 0;
			shellPath = /bin/sh;
			shellScript = "diff \"${PODS_PODFILE_DIR_PATH}/Podfile.lock\" \"${PODS_ROOT}/Manifest.lock\" > /dev/null\nif [ $? != 0 ] ; then\n    # print error to STDERR\n    echo \"error: The sandbox is not in sync with the Podfile.lock. Run 'pod install' or update your CocoaPods installation.\" >&2\n    exit 1\nfi\n# This output is used by Xcode 'outputs' to avoid re-running this script phase.\necho \"SUCCESS\" > \"${SCRIPT_OUTPUT_FILE_0}\"\n";
			showEnvVarsInLog = 0;
		};
/* End PBXShellScriptBuildPhase section */

/* Begin PBXSourcesBuildPhase section */
		98FAD0F8283652CC006DC4D9 /* Sources */ = {
			isa = PBXSourcesBuildPhase;
			buildActionMask = 2147483647;
			files = (
				98FAD104283652CC006DC4D9 /* MoviesListViewController.swift in Sources */,
				98FAD100283652CC006DC4D9 /* AppDelegate.swift in Sources */,
				9883BA4C2836863000DD14DF /* MovieDetailsViewController.swift in Sources */,
				98FAD13F28365EA2006DC4D9 /* Results.swift in Sources */,
				98FAD138283653E0006DC4D9 /* MovieTVCell.swift in Sources */,
				98FAD14B28367C71006DC4D9 /* MovieDetailModel.swift in Sources */,
				98FAD14D28367C71006DC4D9 /* Genres.swift in Sources */,
				9883BA4E2836864D00DD14DF /* MovieDetailsViewModel.swift in Sources */,
				98FAD13A28365AB4006DC4D9 /* MoviesListViewModel.swift in Sources */,
				98FAD15028367C71006DC4D9 /* Spoken_languages.swift in Sources */,
				98FAD14E28367C71006DC4D9 /* Production_countries.swift in Sources */,
				9883BA4728367D4A00DD14DF /* UIImageView+Ext.swift in Sources */,
				9883BA502836875C00DD14DF /* UIView+Ext.swift in Sources */,
				98FAD102283652CC006DC4D9 /* SceneDelegate.swift in Sources */,
				98FAD14F28367C71006DC4D9 /* Belongs_to_collection.swift in Sources */,
				98FAD14328366A0B006DC4D9 /* EndPoints.swift in Sources */,
				98FAD141283660A7006DC4D9 /* ApiServices.swift in Sources */,
				98FAD13E28365EA2006DC4D9 /* MoviesListModel.swift in Sources */,
				98FAD14C28367C71006DC4D9 /* Production_companies.swift in Sources */,
				98FAD13428365370006DC4D9 /* UITableViewExtension.swift in Sources */,
			);
			runOnlyForDeploymentPostprocessing = 0;
		};
		98FAD10E283652CD006DC4D9 /* Sources */ = {
			isa = PBXSourcesBuildPhase;
			buildActionMask = 2147483647;
			files = (
				9883BA522836A19700DD14DF /* ApiClientTests.swift in Sources */,
			);
			runOnlyForDeploymentPostprocessing = 0;
		};
		98FAD118283652CD006DC4D9 /* Sources */ = {
			isa = PBXSourcesBuildPhase;
			buildActionMask = 2147483647;
			files = (
				98FAD121283652CD006DC4D9 /* MoviesAppUITests.swift in Sources */,
				98FAD123283652CD006DC4D9 /* MoviesAppUITestsLaunchTests.swift in Sources */,
			);
			runOnlyForDeploymentPostprocessing = 0;
		};
/* End PBXSourcesBuildPhase section */

/* Begin PBXTargetDependency section */
		98FAD114283652CD006DC4D9 /* PBXTargetDependency */ = {
			isa = PBXTargetDependency;
			target = 98FAD0FB283652CC006DC4D9 /* MoviesApp */;
			targetProxy = 98FAD113283652CD006DC4D9 /* PBXContainerItemProxy */;
		};
		98FAD11E283652CD006DC4D9 /* PBXTargetDependency */ = {
			isa = PBXTargetDependency;
			target = 98FAD0FB283652CC006DC4D9 /* MoviesApp */;
			targetProxy = 98FAD11D283652CD006DC4D9 /* PBXContainerItemProxy */;
		};
/* End PBXTargetDependency section */

/* Begin PBXVariantGroup section */
		98FAD105283652CC006DC4D9 /* MoviesList.storyboard */ = {
			isa = PBXVariantGroup;
			children = (
				98FAD106283652CC006DC4D9 /* Base */,
			);
			name = MoviesList.storyboard;
			sourceTree = "<group>";
		};
		98FAD10A283652CD006DC4D9 /* LaunchScreen.storyboard */ = {
			isa = PBXVariantGroup;
			children = (
				98FAD10B283652CD006DC4D9 /* Base */,
			);
			name = LaunchScreen.storyboard;
			sourceTree = "<group>";
		};
/* End PBXVariantGroup section */

/* Begin XCBuildConfiguration section */
		98FAD124283652CD006DC4D9 /* Debug */ = {
			isa = XCBuildConfiguration;
			buildSettings = {
				ALWAYS_SEARCH_USER_PATHS = NO;
				CLANG_ANALYZER_NONNULL = YES;
				CLANG_ANALYZER_NUMBER_OBJECT_CONVERSION = YES_AGGRESSIVE;
				CLANG_CXX_LANGUAGE_STANDARD = "gnu++17";
				CLANG_ENABLE_MODULES = YES;
				CLANG_ENABLE_OBJC_ARC = YES;
				CLANG_ENABLE_OBJC_WEAK = YES;
				CLANG_WARN_BLOCK_CAPTURE_AUTORELEASING = YES;
				CLANG_WARN_BOOL_CONVERSION = YES;
				CLANG_WARN_COMMA = YES;
				CLANG_WARN_CONSTANT_CONVERSION = YES;
				CLANG_WARN_DEPRECATED_OBJC_IMPLEMENTATIONS = YES;
				CLANG_WARN_DIRECT_OBJC_ISA_USAGE = YES_ERROR;
				CLANG_WARN_DOCUMENTATION_COMMENTS = YES;
				CLANG_WARN_EMPTY_BODY = YES;
				CLANG_WARN_ENUM_CONVERSION = YES;
				CLANG_WARN_INFINITE_RECURSION = YES;
				CLANG_WARN_INT_CONVERSION = YES;
				CLANG_WARN_NON_LITERAL_NULL_CONVERSION = YES;
				CLANG_WARN_OBJC_IMPLICIT_RETAIN_SELF = YES;
				CLANG_WARN_OBJC_LITERAL_CONVERSION = YES;
				CLANG_WARN_OBJC_ROOT_CLASS = YES_ERROR;
				CLANG_WARN_QUOTED_INCLUDE_IN_FRAMEWORK_HEADER = YES;
				CLANG_WARN_RANGE_LOOP_ANALYSIS = YES;
				CLANG_WARN_STRICT_PROTOTYPES = YES;
				CLANG_WARN_SUSPICIOUS_MOVE = YES;
				CLANG_WARN_UNGUARDED_AVAILABILITY = YES_AGGRESSIVE;
				CLANG_WARN_UNREACHABLE_CODE = YES;
				CLANG_WARN__DUPLICATE_METHOD_MATCH = YES;
				COPY_PHASE_STRIP = NO;
				DEBUG_INFORMATION_FORMAT = dwarf;
				ENABLE_STRICT_OBJC_MSGSEND = YES;
				ENABLE_TESTABILITY = YES;
				GCC_C_LANGUAGE_STANDARD = gnu11;
				GCC_DYNAMIC_NO_PIC = NO;
				GCC_NO_COMMON_BLOCKS = YES;
				GCC_OPTIMIZATION_LEVEL = 0;
				GCC_PREPROCESSOR_DEFINITIONS = (
					"DEBUG=1",
					"$(inherited)",
				);
				GCC_WARN_64_TO_32_BIT_CONVERSION = YES;
				GCC_WARN_ABOUT_RETURN_TYPE = YES_ERROR;
				GCC_WARN_UNDECLARED_SELECTOR = YES;
				GCC_WARN_UNINITIALIZED_AUTOS = YES_AGGRESSIVE;
				GCC_WARN_UNUSED_FUNCTION = YES;
				GCC_WARN_UNUSED_VARIABLE = YES;
				IPHONEOS_DEPLOYMENT_TARGET = 15.4;
				MTL_ENABLE_DEBUG_INFO = INCLUDE_SOURCE;
				MTL_FAST_MATH = YES;
				ONLY_ACTIVE_ARCH = YES;
				SDKROOT = iphoneos;
				SWIFT_ACTIVE_COMPILATION_CONDITIONS = DEBUG;
				SWIFT_OPTIMIZATION_LEVEL = "-Onone";
			};
			name = Debug;
		};
		98FAD125283652CD006DC4D9 /* Release */ = {
			isa = XCBuildConfiguration;
			buildSettings = {
				ALWAYS_SEARCH_USER_PATHS = NO;
				CLANG_ANALYZER_NONNULL = YES;
				CLANG_ANALYZER_NUMBER_OBJECT_CONVERSION = YES_AGGRESSIVE;
				CLANG_CXX_LANGUAGE_STANDARD = "gnu++17";
				CLANG_ENABLE_MODULES = YES;
				CLANG_ENABLE_OBJC_ARC = YES;
				CLANG_ENABLE_OBJC_WEAK = YES;
				CLANG_WARN_BLOCK_CAPTURE_AUTORELEASING = YES;
				CLANG_WARN_BOOL_CONVERSION = YES;
				CLANG_WARN_COMMA = YES;
				CLANG_WARN_CONSTANT_CONVERSION = YES;
				CLANG_WARN_DEPRECATED_OBJC_IMPLEMENTATIONS = YES;
				CLANG_WARN_DIRECT_OBJC_ISA_USAGE = YES_ERROR;
				CLANG_WARN_DOCUMENTATION_COMMENTS = YES;
				CLANG_WARN_EMPTY_BODY = YES;
				CLANG_WARN_ENUM_CONVERSION = YES;
				CLANG_WARN_INFINITE_RECURSION = YES;
				CLANG_WARN_INT_CONVERSION = YES;
				CLANG_WARN_NON_LITERAL_NULL_CONVERSION = YES;
				CLANG_WARN_OBJC_IMPLICIT_RETAIN_SELF = YES;
				CLANG_WARN_OBJC_LITERAL_CONVERSION = YES;
				CLANG_WARN_OBJC_ROOT_CLASS = YES_ERROR;
				CLANG_WARN_QUOTED_INCLUDE_IN_FRAMEWORK_HEADER = YES;
				CLANG_WARN_RANGE_LOOP_ANALYSIS = YES;
				CLANG_WARN_STRICT_PROTOTYPES = YES;
				CLANG_WARN_SUSPICIOUS_MOVE = YES;
				CLANG_WARN_UNGUARDED_AVAILABILITY = YES_AGGRESSIVE;
				CLANG_WARN_UNREACHABLE_CODE = YES;
				CLANG_WARN__DUPLICATE_METHOD_MATCH = YES;
				COPY_PHASE_STRIP = NO;
				DEBUG_INFORMATION_FORMAT = "dwarf-with-dsym";
				ENABLE_NS_ASSERTIONS = NO;
				ENABLE_STRICT_OBJC_MSGSEND = YES;
				GCC_C_LANGUAGE_STANDARD = gnu11;
				GCC_NO_COMMON_BLOCKS = YES;
				GCC_WARN_64_TO_32_BIT_CONVERSION = YES;
				GCC_WARN_ABOUT_RETURN_TYPE = YES_ERROR;
				GCC_WARN_UNDECLARED_SELECTOR = YES;
				GCC_WARN_UNINITIALIZED_AUTOS = YES_AGGRESSIVE;
				GCC_WARN_UNUSED_FUNCTION = YES;
				GCC_WARN_UNUSED_VARIABLE = YES;
				IPHONEOS_DEPLOYMENT_TARGET = 15.4;
				MTL_ENABLE_DEBUG_INFO = NO;
				MTL_FAST_MATH = YES;
				SDKROOT = iphoneos;
				SWIFT_COMPILATION_MODE = wholemodule;
				SWIFT_OPTIMIZATION_LEVEL = "-O";
				VALIDATE_PRODUCT = YES;
			};
			name = Release;
		};
		98FAD127283652CD006DC4D9 /* Debug */ = {
			isa = XCBuildConfiguration;
			baseConfigurationReference = C548C32F9C34546D3612F522 /* Pods-MoviesApp.debug.xcconfig */;
			buildSettings = {
				ASSETCATALOG_COMPILER_APPICON_NAME = AppIcon;
				ASSETCATALOG_COMPILER_GLOBAL_ACCENT_COLOR_NAME = AccentColor;
				CODE_SIGN_STYLE = Automatic;
				CURRENT_PROJECT_VERSION = 1;
				DEVELOPMENT_TEAM = S9JTS63CG9;
				GENERATE_INFOPLIST_FILE = YES;
				INFOPLIST_FILE = MoviesApp/Info.plist;
				INFOPLIST_KEY_UIApplicationSupportsIndirectInputEvents = YES;
				INFOPLIST_KEY_UILaunchStoryboardName = LaunchScreen;
				INFOPLIST_KEY_UIMainStoryboardFile = MoviesList;
				INFOPLIST_KEY_UISupportedInterfaceOrientations_iPad = "UIInterfaceOrientationPortrait UIInterfaceOrientationPortraitUpsideDown UIInterfaceOrientationLandscapeLeft UIInterfaceOrientationLandscapeRight";
				INFOPLIST_KEY_UISupportedInterfaceOrientations_iPhone = "UIInterfaceOrientationPortrait UIInterfaceOrientationLandscapeLeft UIInterfaceOrientationLandscapeRight";
				LD_RUNPATH_SEARCH_PATHS = (
					"$(inherited)",
					"@executable_path/Frameworks",
				);
				MARKETING_VERSION = 1.0;
				PRODUCT_BUNDLE_IDENTIFIER = com.frontTech.MoviesApp;
				PRODUCT_NAME = "$(TARGET_NAME)";
				SWIFT_EMIT_LOC_STRINGS = YES;
				SWIFT_VERSION = 5.0;
				TARGETED_DEVICE_FAMILY = "1,2";
			};
			name = Debug;
		};
		98FAD128283652CD006DC4D9 /* Release */ = {
			isa = XCBuildConfiguration;
			baseConfigurationReference = 974475D981BB368D2D90D6E3 /* Pods-MoviesApp.release.xcconfig */;
			buildSettings = {
				ASSETCATALOG_COMPILER_APPICON_NAME = AppIcon;
				ASSETCATALOG_COMPILER_GLOBAL_ACCENT_COLOR_NAME = AccentColor;
				CODE_SIGN_STYLE = Automatic;
				CURRENT_PROJECT_VERSION = 1;
				DEVELOPMENT_TEAM = S9JTS63CG9;
				GENERATE_INFOPLIST_FILE = YES;
				INFOPLIST_FILE = MoviesApp/Info.plist;
				INFOPLIST_KEY_UIApplicationSupportsIndirectInputEvents = YES;
				INFOPLIST_KEY_UILaunchStoryboardName = LaunchScreen;
				INFOPLIST_KEY_UIMainStoryboardFile = MoviesList;
				INFOPLIST_KEY_UISupportedInterfaceOrientations_iPad = "UIInterfaceOrientationPortrait UIInterfaceOrientationPortraitUpsideDown UIInterfaceOrientationLandscapeLeft UIInterfaceOrientationLandscapeRight";
				INFOPLIST_KEY_UISupportedInterfaceOrientations_iPhone = "UIInterfaceOrientationPortrait UIInterfaceOrientationLandscapeLeft UIInterfaceOrientationLandscapeRight";
				LD_RUNPATH_SEARCH_PATHS = (
					"$(inherited)",
					"@executable_path/Frameworks",
				);
				MARKETING_VERSION = 1.0;
				PRODUCT_BUNDLE_IDENTIFIER = com.frontTech.MoviesApp;
				PRODUCT_NAME = "$(TARGET_NAME)";
				SWIFT_EMIT_LOC_STRINGS = YES;
				SWIFT_VERSION = 5.0;
				TARGETED_DEVICE_FAMILY = "1,2";
			};
			name = Release;
		};
		98FAD12A283652CD006DC4D9 /* Debug */ = {
			isa = XCBuildConfiguration;
			baseConfigurationReference = 9AC6646715E895C9C2915B83 /* Pods-MoviesAppTests.debug.xcconfig */;
			buildSettings = {
				ALWAYS_EMBED_SWIFT_STANDARD_LIBRARIES = YES;
				BUNDLE_LOADER = "$(TEST_HOST)";
				CODE_SIGN_STYLE = Automatic;
				CURRENT_PROJECT_VERSION = 1;
				DEVELOPMENT_TEAM = S9JTS63CG9;
				GENERATE_INFOPLIST_FILE = YES;
				IPHONEOS_DEPLOYMENT_TARGET = 15.4;
				MARKETING_VERSION = 1.0;
				PRODUCT_BUNDLE_IDENTIFIER = com.frontTech.MoviesAppTests;
				PRODUCT_NAME = "$(TARGET_NAME)";
				SWIFT_EMIT_LOC_STRINGS = NO;
				SWIFT_VERSION = 5.0;
				TARGETED_DEVICE_FAMILY = "1,2";
				TEST_HOST = "$(BUILT_PRODUCTS_DIR)/MoviesApp.app/MoviesApp";
			};
			name = Debug;
		};
		98FAD12B283652CD006DC4D9 /* Release */ = {
			isa = XCBuildConfiguration;
			baseConfigurationReference = 78F686C0F57AF1239C3DA35D /* Pods-MoviesAppTests.release.xcconfig */;
			buildSettings = {
				ALWAYS_EMBED_SWIFT_STANDARD_LIBRARIES = YES;
				BUNDLE_LOADER = "$(TEST_HOST)";
				CODE_SIGN_STYLE = Automatic;
				CURRENT_PROJECT_VERSION = 1;
				DEVELOPMENT_TEAM = S9JTS63CG9;
				GENERATE_INFOPLIST_FILE = YES;
				IPHONEOS_DEPLOYMENT_TARGET = 15.4;
				MARKETING_VERSION = 1.0;
				PRODUCT_BUNDLE_IDENTIFIER = com.frontTech.MoviesAppTests;
				PRODUCT_NAME = "$(TARGET_NAME)";
				SWIFT_EMIT_LOC_STRINGS = NO;
				SWIFT_VERSION = 5.0;
				TARGETED_DEVICE_FAMILY = "1,2";
				TEST_HOST = "$(BUILT_PRODUCTS_DIR)/MoviesApp.app/MoviesApp";
			};
			name = Release;
		};
		98FAD12D283652CD006DC4D9 /* Debug */ = {
			isa = XCBuildConfiguration;
			baseConfigurationReference = 02A588F626EA72A3CA6643C5 /* Pods-MoviesApp-MoviesAppUITests.debug.xcconfig */;
			buildSettings = {
				ALWAYS_EMBED_SWIFT_STANDARD_LIBRARIES = YES;
				CODE_SIGN_STYLE = Automatic;
				CURRENT_PROJECT_VERSION = 1;
				DEVELOPMENT_TEAM = S9JTS63CG9;
				GENERATE_INFOPLIST_FILE = YES;
				MARKETING_VERSION = 1.0;
				PRODUCT_BUNDLE_IDENTIFIER = com.frontTech.MoviesAppUITests;
				PRODUCT_NAME = "$(TARGET_NAME)";
				SWIFT_EMIT_LOC_STRINGS = NO;
				SWIFT_VERSION = 5.0;
				TARGETED_DEVICE_FAMILY = "1,2";
				TEST_TARGET_NAME = MoviesApp;
			};
			name = Debug;
		};
		98FAD12E283652CD006DC4D9 /* Release */ = {
			isa = XCBuildConfiguration;
			baseConfigurationReference = 4075998A68BB96A8C9FA42BB /* Pods-MoviesApp-MoviesAppUITests.release.xcconfig */;
			buildSettings = {
				ALWAYS_EMBED_SWIFT_STANDARD_LIBRARIES = YES;
				CODE_SIGN_STYLE = Automatic;
				CURRENT_PROJECT_VERSION = 1;
				DEVELOPMENT_TEAM = S9JTS63CG9;
				GENERATE_INFOPLIST_FILE = YES;
				MARKETING_VERSION = 1.0;
				PRODUCT_BUNDLE_IDENTIFIER = com.frontTech.MoviesAppUITests;
				PRODUCT_NAME = "$(TARGET_NAME)";
				SWIFT_EMIT_LOC_STRINGS = NO;
				SWIFT_VERSION = 5.0;
				TARGETED_DEVICE_FAMILY = "1,2";
				TEST_TARGET_NAME = MoviesApp;
			};
			name = Release;
		};
/* End XCBuildConfiguration section */

/* Begin XCConfigurationList section */
		98FAD0F7283652CB006DC4D9 /* Build configuration list for PBXProject "MoviesApp" */ = {
			isa = XCConfigurationList;
			buildConfigurations = (
				98FAD124283652CD006DC4D9 /* Debug */,
				98FAD125283652CD006DC4D9 /* Release */,
			);
			defaultConfigurationIsVisible = 0;
			defaultConfigurationName = Release;
		};
		98FAD126283652CD006DC4D9 /* Build configuration list for PBXNativeTarget "MoviesApp" */ = {
			isa = XCConfigurationList;
			buildConfigurations = (
				98FAD127283652CD006DC4D9 /* Debug */,
				98FAD128283652CD006DC4D9 /* Release */,
			);
			defaultConfigurationIsVisible = 0;
			defaultConfigurationName = Release;
		};
		98FAD129283652CD006DC4D9 /* Build configuration list for PBXNativeTarget "MoviesAppTests" */ = {
			isa = XCConfigurationList;
			buildConfigurations = (
				98FAD12A283652CD006DC4D9 /* Debug */,
				98FAD12B283652CD006DC4D9 /* Release */,
			);
			defaultConfigurationIsVisible = 0;
			defaultConfigurationName = Release;
		};
		98FAD12C283652CD006DC4D9 /* Build configuration list for PBXNativeTarget "MoviesAppUITests" */ = {
			isa = XCConfigurationList;
			buildConfigurations = (
				98FAD12D283652CD006DC4D9 /* Debug */,
				98FAD12E283652CD006DC4D9 /* Release */,
			);
			defaultConfigurationIsVisible = 0;
			defaultConfigurationName = Release;
		};
/* End XCConfigurationList section */
	};
	rootObject = 98FAD0F4283652CB006DC4D9 /* Project object */;
}
